
Microsoft Visual Studio Solution File, Format Version 12.00
Project("{2150E333-8FDC-42A3-9474-1A3956D46DE8}") = "Solution Items", "Solution Items", "{BC81ADD9-50F5-4DAB-BC1D-B3B249F743CB}"
	ProjectSection(SolutionItems) = preProject
		.dockerignore = .dockerignore
		.gitignore = .gitignore
		docker-compose.yml = docker-compose.yml
		Dockerfile = Dockerfile
		global.json = global.json
		README.md = README.md
		docker-compose.override.yml = docker-compose.override.yml
	EndProjectSection
EndProject
Project("{2150E333-8FDC-42A3-9474-1A3956D46DE8}") = "src", "src", "{C0022E59-C8C5-446E-9DF9-63CF8F516E7C}"
EndProject
Project("{2150E333-8FDC-42A3-9474-1A3956D46DE8}") = "tests", "tests", "{5D718FE4-C0B4-448D-AB8E-0FD04A0A2487}"
EndProject
Project("{2150E333-8FDC-42A3-9474-1A3956D46DE8}") = "Services", "Services", "{5EFC4DE1-B500-45E5-9D0F-9E0E37010A03}"
EndProject
Project("{2150E333-8FDC-42A3-9474-1A3956D46DE8}") = "BuildingBlocks", "BuildingBlocks", "{7E134BEE-7253-466B-96B9-F249A996A037}"
EndProject
Project("{2150E333-8FDC-42A3-9474-1A3956D46DE8}") = "WebApps", "WebApps", "{7BB748D0-CDEB-4744-BF7A-0257FB538B48}"
EndProject
Project("{2150E333-8FDC-42A3-9474-1A3956D46DE8}") = "OnlineShop", "OnlineShop", "{482D551D-0356-4C1D-843E-6A6A67F62F1E}"
EndProject
Project("{FAE04EC0-301F-11D3-BF4B-00C04F79EFBC}") = "OnlineShop.Infrastructure", "src\Services\OnlineShop\OnlineShop.Infrastructure\OnlineShop.Infrastructure.csproj", "{E4B461B1-441B-449E-826C-A76E0916CCDF}"
EndProject
Project("{FAE04EC0-301F-11D3-BF4B-00C04F79EFBC}") = "OnlineShop.Domain", "src\Services\OnlineShop\OnlineShop.Domain\OnlineShop.Domain.csproj", "{881D599D-0391-4721-9826-7BEDB160B998}"
EndProject
Project("{FAE04EC0-301F-11D3-BF4B-00C04F79EFBC}") = "OnlineShop.Application", "src\Services\OnlineShop\OnlineShop.Application\OnlineShop.Application.csproj", "{F00779B6-C48D-4000-A6F9-ADA9EC60FFF7}"
EndProject
Project("{FAE04EC0-301F-11D3-BF4B-00C04F79EFBC}") = "SharedKernel", "src\BuildingBlocks\SharedKernel\SharedKernel.csproj", "{69715261-EF39-479B-93B8-30F6E1A4D590}"
EndProject
Project("{2150E333-8FDC-42A3-9474-1A3956D46DE8}") = "OnlineShop", "OnlineShop", "{E53BE0A9-7164-4AD9-84F5-71606B9B8D02}"
EndProject
Project("{FAE04EC0-301F-11D3-BF4B-00C04F79EFBC}") = "OnlineShop.Api.IntegrationTests", "tests\OnlineShop\OnlineShop.Api.IntegrationTests\OnlineShop.Api.IntegrationTests.csproj", "{A2EEE88B-397A-494E-A3E3-0D8CDE27F0EE}"
EndProject
Project("{FAE04EC0-301F-11D3-BF4B-00C04F79EFBC}") = "OnlineShop.Infrastructure.IntegrationTests", "tests\OnlineShop\OnlineShop.Infrastructure.IntegrationTests\OnlineShop.Infrastructure.IntegrationTests.csproj", "{45C4C9D1-295F-4F4F-A7C6-642FACB797F7}"
EndProject
Project("{FAE04EC0-301F-11D3-BF4B-00C04F79EFBC}") = "OnlineShop.Domain.UnitTests", "tests\OnlineShop\OnlineShop.Domain.UnitTests\OnlineShop.Domain.UnitTests.csproj", "{20D55F3F-0BED-4701-A913-6FA906123A16}"
EndProject
Project("{FAE04EC0-301F-11D3-BF4B-00C04F79EFBC}") = "OnlineShop.Application.UnitTests", "tests\OnlineShop\OnlineShop.Application.UnitTests\OnlineShop.Application.UnitTests.csproj", "{F1C115FB-9D79-4979-B535-0ED1099B746A}"
EndProject
Project("{2150E333-8FDC-42A3-9474-1A3956D46DE8}") = "ScheduleJob", "ScheduleJob", "{EC6A067D-DB9A-4949-A263-9F165E4CA9C6}"
EndProject
Project("{2150E333-8FDC-42A3-9474-1A3956D46DE8}") = "Integration", "Integration", "{7A86993F-3408-4992-BC77-3D5A796FEBBD}"
EndProject
Project("{FAE04EC0-301F-11D3-BF4B-00C04F79EFBC}") = "BackgroundJobs", "src\Services\ScheduleJobs\BackgroundJobs\BackgroundJobs.csproj", "{9A8CF903-BED8-4B4F-A800-AC5985A4BAD6}"
EndProject
Project("{FAE04EC0-301F-11D3-BF4B-00C04F79EFBC}") = "OnlineShop.Audit", "src\Services\Integration\OnlineShop.Audit\OnlineShop.Audit.csproj", "{7EF2F279-B5F8-4AB5-93AA-44E4D339DF25}"
EndProject
Project("{FAE04EC0-301F-11D3-BF4B-00C04F79EFBC}") = "OnlineShop.Integrations", "src\Services\Integration\OnlineShop.Integrations\OnlineShop.Integrations.csproj", "{0B1ACBCE-3679-41D6-8A60-D75C22DCA554}"
EndProject
Project("{FAE04EC0-301F-11D3-BF4B-00C04F79EFBC}") = "WebHealthStatus", "src\WebApps\WebHealthStatus\WebHealthStatus.csproj", "{6E96796A-625E-408A-9931-CB1FBEE0D9D2}"
EndProject
Project("{FAE04EC0-301F-11D3-BF4B-00C04F79EFBC}") = "OnlineShop.Api", "src\Services\OnlineShop\OnlineShop.Api\OnlineShop.Api.csproj", "{375E0E7D-9695-4377-9070-BF2E84B317B6}"
EndProject
Global
	GlobalSection(SolutionConfigurationPlatforms) = preSolution
		Debug|Any CPU = Debug|Any CPU
		Release|Any CPU = Release|Any CPU
	EndGlobalSection
	GlobalSection(NestedProjects) = preSolution
		{5EFC4DE1-B500-45E5-9D0F-9E0E37010A03} = {C0022E59-C8C5-446E-9DF9-63CF8F516E7C}
		{7E134BEE-7253-466B-96B9-F249A996A037} = {C0022E59-C8C5-446E-9DF9-63CF8F516E7C}
		{7BB748D0-CDEB-4744-BF7A-0257FB538B48} = {C0022E59-C8C5-446E-9DF9-63CF8F516E7C}
		{482D551D-0356-4C1D-843E-6A6A67F62F1E} = {5EFC4DE1-B500-45E5-9D0F-9E0E37010A03}
		{E4B461B1-441B-449E-826C-A76E0916CCDF} = {482D551D-0356-4C1D-843E-6A6A67F62F1E}
		{881D599D-0391-4721-9826-7BEDB160B998} = {482D551D-0356-4C1D-843E-6A6A67F62F1E}
		{F00779B6-C48D-4000-A6F9-ADA9EC60FFF7} = {482D551D-0356-4C1D-843E-6A6A67F62F1E}
		{69715261-EF39-479B-93B8-30F6E1A4D590} = {7E134BEE-7253-466B-96B9-F249A996A037}
		{E53BE0A9-7164-4AD9-84F5-71606B9B8D02} = {5D718FE4-C0B4-448D-AB8E-0FD04A0A2487}
		{A2EEE88B-397A-494E-A3E3-0D8CDE27F0EE} = {E53BE0A9-7164-4AD9-84F5-71606B9B8D02}
		{45C4C9D1-295F-4F4F-A7C6-642FACB797F7} = {E53BE0A9-7164-4AD9-84F5-71606B9B8D02}
		{20D55F3F-0BED-4701-A913-6FA906123A16} = {E53BE0A9-7164-4AD9-84F5-71606B9B8D02}
		{F1C115FB-9D79-4979-B535-0ED1099B746A} = {E53BE0A9-7164-4AD9-84F5-71606B9B8D02}
		{EC6A067D-DB9A-4949-A263-9F165E4CA9C6} = {5EFC4DE1-B500-45E5-9D0F-9E0E37010A03}
		{7A86993F-3408-4992-BC77-3D5A796FEBBD} = {5EFC4DE1-B500-45E5-9D0F-9E0E37010A03}
		{9A8CF903-BED8-4B4F-A800-AC5985A4BAD6} = {EC6A067D-DB9A-4949-A263-9F165E4CA9C6}
		{7EF2F279-B5F8-4AB5-93AA-44E4D339DF25} = {7A86993F-3408-4992-BC77-3D5A796FEBBD}
		{0B1ACBCE-3679-41D6-8A60-D75C22DCA554} = {7A86993F-3408-4992-BC77-3D5A796FEBBD}
		{6E96796A-625E-408A-9931-CB1FBEE0D9D2} = {7BB748D0-CDEB-4744-BF7A-0257FB538B48}
		{375E0E7D-9695-4377-9070-BF2E84B317B6} = {482D551D-0356-4C1D-843E-6A6A67F62F1E}
	EndGlobalSection
	GlobalSection(ProjectConfigurationPlatforms) = postSolution
		{E4B461B1-441B-449E-826C-A76E0916CCDF}.Debug|Any CPU.ActiveCfg = Debug|Any CPU
		{E4B461B1-441B-449E-826C-A76E0916CCDF}.Debug|Any CPU.Build.0 = Debug|Any CPU
		{E4B461B1-441B-449E-826C-A76E0916CCDF}.Release|Any CPU.ActiveCfg = Release|Any CPU
		{E4B461B1-441B-449E-826C-A76E0916CCDF}.Release|Any CPU.Build.0 = Release|Any CPU
		{881D599D-0391-4721-9826-7BEDB160B998}.Debug|Any CPU.ActiveCfg = Debug|Any CPU
		{881D599D-0391-4721-9826-7BEDB160B998}.Debug|Any CPU.Build.0 = Debug|Any CPU
		{881D599D-0391-4721-9826-7BEDB160B998}.Release|Any CPU.ActiveCfg = Release|Any CPU
		{881D599D-0391-4721-9826-7BEDB160B998}.Release|Any CPU.Build.0 = Release|Any CPU
		{F00779B6-C48D-4000-A6F9-ADA9EC60FFF7}.Debug|Any CPU.ActiveCfg = Debug|Any CPU
		{F00779B6-C48D-4000-A6F9-ADA9EC60FFF7}.Debug|Any CPU.Build.0 = Debug|Any CPU
		{F00779B6-C48D-4000-A6F9-ADA9EC60FFF7}.Release|Any CPU.ActiveCfg = Release|Any CPU
		{F00779B6-C48D-4000-A6F9-ADA9EC60FFF7}.Release|Any CPU.Build.0 = Release|Any CPU
		{69715261-EF39-479B-93B8-30F6E1A4D590}.Debug|Any CPU.ActiveCfg = Debug|Any CPU
		{69715261-EF39-479B-93B8-30F6E1A4D590}.Debug|Any CPU.Build.0 = Debug|Any CPU
		{69715261-EF39-479B-93B8-30F6E1A4D590}.Release|Any CPU.ActiveCfg = Release|Any CPU
		{69715261-EF39-479B-93B8-30F6E1A4D590}.Release|Any CPU.Build.0 = Release|Any CPU
		{A2EEE88B-397A-494E-A3E3-0D8CDE27F0EE}.Debug|Any CPU.ActiveCfg = Debug|Any CPU
		{A2EEE88B-397A-494E-A3E3-0D8CDE27F0EE}.Debug|Any CPU.Build.0 = Debug|Any CPU
		{A2EEE88B-397A-494E-A3E3-0D8CDE27F0EE}.Release|Any CPU.ActiveCfg = Release|Any CPU
		{A2EEE88B-397A-494E-A3E3-0D8CDE27F0EE}.Release|Any CPU.Build.0 = Release|Any CPU
		{45C4C9D1-295F-4F4F-A7C6-642FACB797F7}.Debug|Any CPU.ActiveCfg = Debug|Any CPU
		{45C4C9D1-295F-4F4F-A7C6-642FACB797F7}.Debug|Any CPU.Build.0 = Debug|Any CPU
		{45C4C9D1-295F-4F4F-A7C6-642FACB797F7}.Release|Any CPU.ActiveCfg = Release|Any CPU
		{45C4C9D1-295F-4F4F-A7C6-642FACB797F7}.Release|Any CPU.Build.0 = Release|Any CPU
		{20D55F3F-0BED-4701-A913-6FA906123A16}.Debug|Any CPU.ActiveCfg = Debug|Any CPU
		{20D55F3F-0BED-4701-A913-6FA906123A16}.Debug|Any CPU.Build.0 = Debug|Any CPU
		{20D55F3F-0BED-4701-A913-6FA906123A16}.Release|Any CPU.ActiveCfg = Release|Any CPU
		{20D55F3F-0BED-4701-A913-6FA906123A16}.Release|Any CPU.Build.0 = Release|Any CPU
		{F1C115FB-9D79-4979-B535-0ED1099B746A}.Debug|Any CPU.ActiveCfg = Debug|Any CPU
		{F1C115FB-9D79-4979-B535-0ED1099B746A}.Debug|Any CPU.Build.0 = Debug|Any CPU
		{F1C115FB-9D79-4979-B535-0ED1099B746A}.Release|Any CPU.ActiveCfg = Release|Any CPU
		{F1C115FB-9D79-4979-B535-0ED1099B746A}.Release|Any CPU.Build.0 = Release|Any CPU
		{9A8CF903-BED8-4B4F-A800-AC5985A4BAD6}.Debug|Any CPU.ActiveCfg = Debug|Any CPU
		{9A8CF903-BED8-4B4F-A800-AC5985A4BAD6}.Debug|Any CPU.Build.0 = Debug|Any CPU
		{9A8CF903-BED8-4B4F-A800-AC5985A4BAD6}.Release|Any CPU.ActiveCfg = Release|Any CPU
		{9A8CF903-BED8-4B4F-A800-AC5985A4BAD6}.Release|Any CPU.Build.0 = Release|Any CPU
		{7EF2F279-B5F8-4AB5-93AA-44E4D339DF25}.Debug|Any CPU.ActiveCfg = Debug|Any CPU
		{7EF2F279-B5F8-4AB5-93AA-44E4D339DF25}.Debug|Any CPU.Build.0 = Debug|Any CPU
		{7EF2F279-B5F8-4AB5-93AA-44E4D339DF25}.Release|Any CPU.ActiveCfg = Release|Any CPU
		{7EF2F279-B5F8-4AB5-93AA-44E4D339DF25}.Release|Any CPU.Build.0 = Release|Any CPU
		{0B1ACBCE-3679-41D6-8A60-D75C22DCA554}.Debug|Any CPU.ActiveCfg = Debug|Any CPU
		{0B1ACBCE-3679-41D6-8A60-D75C22DCA554}.Debug|Any CPU.Build.0 = Debug|Any CPU
		{0B1ACBCE-3679-41D6-8A60-D75C22DCA554}.Release|Any CPU.ActiveCfg = Release|Any CPU
		{0B1ACBCE-3679-41D6-8A60-D75C22DCA554}.Release|Any CPU.Build.0 = Release|Any CPU
		{6E96796A-625E-408A-9931-CB1FBEE0D9D2}.Debug|Any CPU.ActiveCfg = Debug|Any CPU
		{6E96796A-625E-408A-9931-CB1FBEE0D9D2}.Debug|Any CPU.Build.0 = Debug|Any CPU
		{6E96796A-625E-408A-9931-CB1FBEE0D9D2}.Release|Any CPU.ActiveCfg = Release|Any CPU
		{6E96796A-625E-408A-9931-CB1FBEE0D9D2}.Release|Any CPU.Build.0 = Release|Any CPU
		{375E0E7D-9695-4377-9070-BF2E84B317B6}.Debug|Any CPU.ActiveCfg = Debug|Any CPU
		{375E0E7D-9695-4377-9070-BF2E84B317B6}.Debug|Any CPU.Build.0 = Debug|Any CPU
		{375E0E7D-9695-4377-9070-BF2E84B317B6}.Release|Any CPU.ActiveCfg = Release|Any CPU
		{375E0E7D-9695-4377-9070-BF2E84B317B6}.Release|Any CPU.Build.0 = Release|Any CPU
	EndGlobalSection
EndGlobal
